// !$*UTF8*$!
{
	archiveVersion = 1;
	classes = {
	};
	objectVersion = 56;
	objects = {

/* Begin PBXBuildFile section */
		E02E76382A6560F70003585B /* ImportantTodosListView.swift in Sources */ = {isa = PBXBuildFile; fileRef = E02E76372A6560F70003585B /* ImportantTodosListView.swift */; };
		E02E763A2A6700760003585B /* ImportantTodosViewModel.swift in Sources */ = {isa = PBXBuildFile; fileRef = E02E76392A6700760003585B /* ImportantTodosViewModel.swift */; };
		E03DE5402A62B8BB00A79835 /* CategoryView.swift in Sources */ = {isa = PBXBuildFile; fileRef = E03DE53F2A62B8BB00A79835 /* CategoryView.swift */; };
		E03DE5432A62B91000A79835 /* CategoryViewModel.swift in Sources */ = {isa = PBXBuildFile; fileRef = E03DE5422A62B91000A79835 /* CategoryViewModel.swift */; };
		E03DE5452A62C2EA00A79835 /* AddCategoryView.swift in Sources */ = {isa = PBXBuildFile; fileRef = E03DE5442A62C2EA00A79835 /* AddCategoryView.swift */; };
		E03DE5472A62C6CE00A79835 /* CustomSheetView.swift in Sources */ = {isa = PBXBuildFile; fileRef = E03DE5462A62C6CE00A79835 /* CustomSheetView.swift */; };
		E03DE5492A62C6F400A79835 /* CustomSheetViewModel.swift in Sources */ = {isa = PBXBuildFile; fileRef = E03DE5482A62C6F400A79835 /* CustomSheetViewModel.swift */; };
		E03DE54B2A63619000A79835 /* TodoListScreen.swift in Sources */ = {isa = PBXBuildFile; fileRef = E03DE54A2A63619000A79835 /* TodoListScreen.swift */; };
		E04981EB2A63624F0096C9B8 /* TodoListRowView.swift in Sources */ = {isa = PBXBuildFile; fileRef = E04981EA2A63624F0096C9B8 /* TodoListRowView.swift */; };
		E04981ED2A640B6C0096C9B8 /* AddTodoView.swift in Sources */ = {isa = PBXBuildFile; fileRef = E04981EC2A640B6C0096C9B8 /* AddTodoView.swift */; };
		E04981EF2A643CB20096C9B8 /* TodoDetailScreen.swift in Sources */ = {isa = PBXBuildFile; fileRef = E04981EE2A643CB20096C9B8 /* TodoDetailScreen.swift */; };
		E04981F12A64A4B20096C9B8 /* EmptyListView.swift in Sources */ = {isa = PBXBuildFile; fileRef = E04981F02A64A4B20096C9B8 /* EmptyListView.swift */; };
		E0B2DA172A62B49B0067A58F /* QTodo_RealmApp.swift in Sources */ = {isa = PBXBuildFile; fileRef = E0B2DA162A62B49B0067A58F /* QTodo_RealmApp.swift */; };
		E0B2DA192A62B49B0067A58F /* HomeScreen.swift in Sources */ = {isa = PBXBuildFile; fileRef = E0B2DA182A62B49B0067A58F /* HomeScreen.swift */; };
		E0B2DA1B2A62B49D0067A58F /* Assets.xcassets in Resources */ = {isa = PBXBuildFile; fileRef = E0B2DA1A2A62B49D0067A58F /* Assets.xcassets */; };
		E0B2DA1E2A62B49D0067A58F /* Preview Assets.xcassets in Resources */ = {isa = PBXBuildFile; fileRef = E0B2DA1D2A62B49D0067A58F /* Preview Assets.xcassets */; };
		E0B2DA272A62B5A80067A58F /* Realm in Frameworks */ = {isa = PBXBuildFile; productRef = E0B2DA262A62B5A80067A58F /* Realm */; };
		E0B2DA292A62B5A80067A58F /* RealmSwift in Frameworks */ = {isa = PBXBuildFile; productRef = E0B2DA282A62B5A80067A58F /* RealmSwift */; };
		E0B2DA2C2A62B5F40067A58F /* CategoryModel.swift in Sources */ = {isa = PBXBuildFile; fileRef = E0B2DA2B2A62B5F40067A58F /* CategoryModel.swift */; };
		E0B2DA2F2A62B6120067A58F /* TodoModel.swift in Sources */ = {isa = PBXBuildFile; fileRef = E0B2DA2E2A62B6120067A58F /* TodoModel.swift */; };
/* End PBXBuildFile section */

/* Begin PBXFileReference section */
		E02E76372A6560F70003585B /* ImportantTodosListView.swift */ = {isa = PBXFileReference; lastKnownFileType = sourcecode.swift; path = ImportantTodosListView.swift; sourceTree = "<group>"; };
		E02E76392A6700760003585B /* ImportantTodosViewModel.swift */ = {isa = PBXFileReference; lastKnownFileType = sourcecode.swift; path = ImportantTodosViewModel.swift; sourceTree = "<group>"; };
		E03DE53F2A62B8BB00A79835 /* CategoryView.swift */ = {isa = PBXFileReference; lastKnownFileType = sourcecode.swift; path = CategoryView.swift; sourceTree = "<group>"; };
		E03DE5422A62B91000A79835 /* CategoryViewModel.swift */ = {isa = PBXFileReference; lastKnownFileType = sourcecode.swift; path = CategoryViewModel.swift; sourceTree = "<group>"; };
		E03DE5442A62C2EA00A79835 /* AddCategoryView.swift */ = {isa = PBXFileReference; lastKnownFileType = sourcecode.swift; path = AddCategoryView.swift; sourceTree = "<group>"; };
		E03DE5462A62C6CE00A79835 /* CustomSheetView.swift */ = {isa = PBXFileReference; lastKnownFileType = sourcecode.swift; path = CustomSheetView.swift; sourceTree = "<group>"; };
		E03DE5482A62C6F400A79835 /* CustomSheetViewModel.swift */ = {isa = PBXFileReference; lastKnownFileType = sourcecode.swift; path = CustomSheetViewModel.swift; sourceTree = "<group>"; };
		E03DE54A2A63619000A79835 /* TodoListScreen.swift */ = {isa = PBXFileReference; lastKnownFileType = sourcecode.swift; path = TodoListScreen.swift; sourceTree = "<group>"; };
		E04981EA2A63624F0096C9B8 /* TodoListRowView.swift */ = {isa = PBXFileReference; lastKnownFileType = sourcecode.swift; path = TodoListRowView.swift; sourceTree = "<group>"; };
		E04981EC2A640B6C0096C9B8 /* AddTodoView.swift */ = {isa = PBXFileReference; lastKnownFileType = sourcecode.swift; path = AddTodoView.swift; sourceTree = "<group>"; };
		E04981EE2A643CB20096C9B8 /* TodoDetailScreen.swift */ = {isa = PBXFileReference; lastKnownFileType = sourcecode.swift; path = TodoDetailScreen.swift; sourceTree = "<group>"; };
		E04981F02A64A4B20096C9B8 /* EmptyListView.swift */ = {isa = PBXFileReference; lastKnownFileType = sourcecode.swift; path = EmptyListView.swift; sourceTree = "<group>"; };
		E0B2DA132A62B49B0067A58F /* QTodo-Realm.app */ = {isa = PBXFileReference; explicitFileType = wrapper.application; includeInIndex = 0; path = "QTodo-Realm.app"; sourceTree = BUILT_PRODUCTS_DIR; };
		E0B2DA162A62B49B0067A58F /* QTodo_RealmApp.swift */ = {isa = PBXFileReference; lastKnownFileType = sourcecode.swift; path = QTodo_RealmApp.swift; sourceTree = "<group>"; };
		E0B2DA182A62B49B0067A58F /* HomeScreen.swift */ = {isa = PBXFileReference; lastKnownFileType = sourcecode.swift; path = HomeScreen.swift; sourceTree = "<group>"; };
		E0B2DA1A2A62B49D0067A58F /* Assets.xcassets */ = {isa = PBXFileReference; lastKnownFileType = folder.assetcatalog; path = Assets.xcassets; sourceTree = "<group>"; };
		E0B2DA1D2A62B49D0067A58F /* Preview Assets.xcassets */ = {isa = PBXFileReference; lastKnownFileType = folder.assetcatalog; path = "Preview Assets.xcassets"; sourceTree = "<group>"; };
		E0B2DA2B2A62B5F40067A58F /* CategoryModel.swift */ = {isa = PBXFileReference; lastKnownFileType = sourcecode.swift; path = CategoryModel.swift; sourceTree = "<group>"; };
		E0B2DA2E2A62B6120067A58F /* TodoModel.swift */ = {isa = PBXFileReference; lastKnownFileType = sourcecode.swift; path = TodoModel.swift; sourceTree = "<group>"; };
/* End PBXFileReference section */

/* Begin PBXFrameworksBuildPhase section */
		E0B2DA102A62B49B0067A58F /* Frameworks */ = {
			isa = PBXFrameworksBuildPhase;
			buildActionMask = 2147483647;
			files = (
				E0B2DA292A62B5A80067A58F /* RealmSwift in Frameworks */,
				E0B2DA272A62B5A80067A58F /* Realm in Frameworks */,
			);
			runOnlyForDeploymentPostprocessing = 0;
		};
/* End PBXFrameworksBuildPhase section */

/* Begin PBXGroup section */
		E03DE53E2A62B8A500A79835 /* Views */ = {
			isa = PBXGroup;
			children = (
				E03DE53F2A62B8BB00A79835 /* CategoryView.swift */,
				E03DE5442A62C2EA00A79835 /* AddCategoryView.swift */,
				E03DE5462A62C6CE00A79835 /* CustomSheetView.swift */,
				E04981EA2A63624F0096C9B8 /* TodoListRowView.swift */,
				E04981EC2A640B6C0096C9B8 /* AddTodoView.swift */,
				E04981F02A64A4B20096C9B8 /* EmptyListView.swift */,
				E02E76372A6560F70003585B /* ImportantTodosListView.swift */,
			);
			path = Views;
			sourceTree = "<group>";
		};
		E03DE5412A62B8F500A79835 /* ViewModels */ = {
			isa = PBXGroup;
			children = (
				E03DE5422A62B91000A79835 /* CategoryViewModel.swift */,
				E03DE5482A62C6F400A79835 /* CustomSheetViewModel.swift */,
				E02E76392A6700760003585B /* ImportantTodosViewModel.swift */,
			);
			path = ViewModels;
			sourceTree = "<group>";
		};
		E0B2DA0A2A62B49B0067A58F = {
			isa = PBXGroup;
			children = (
				E0B2DA152A62B49B0067A58F /* QTodo-Realm */,
				E0B2DA142A62B49B0067A58F /* Products */,
			);
			sourceTree = "<group>";
		};
		E0B2DA142A62B49B0067A58F /* Products */ = {
			isa = PBXGroup;
			children = (
				E0B2DA132A62B49B0067A58F /* QTodo-Realm.app */,
			);
			name = Products;
			sourceTree = "<group>";
		};
		E0B2DA152A62B49B0067A58F /* QTodo-Realm */ = {
			isa = PBXGroup;
			children = (
				E0B2DA162A62B49B0067A58F /* QTodo_RealmApp.swift */,
				E0B2DA2A2A62B5DB0067A58F /* Models */,
				E03DE53E2A62B8A500A79835 /* Views */,
				E03DE5412A62B8F500A79835 /* ViewModels */,
				E0B2DA242A62B5180067A58F /* Screens */,
				E0B2DA1A2A62B49D0067A58F /* Assets.xcassets */,
				E0B2DA1C2A62B49D0067A58F /* Preview Content */,
			);
			path = "QTodo-Realm";
			sourceTree = "<group>";
		};
		E0B2DA1C2A62B49D0067A58F /* Preview Content */ = {
			isa = PBXGroup;
			children = (
				E0B2DA1D2A62B49D0067A58F /* Preview Assets.xcassets */,
			);
			path = "Preview Content";
			sourceTree = "<group>";
		};
		E0B2DA242A62B5180067A58F /* Screens */ = {
			isa = PBXGroup;
			children = (
				E0B2DA182A62B49B0067A58F /* HomeScreen.swift */,
				E03DE54A2A63619000A79835 /* TodoListScreen.swift */,
				E04981EE2A643CB20096C9B8 /* TodoDetailScreen.swift */,
			);
			path = Screens;
			sourceTree = "<group>";
		};
		E0B2DA2A2A62B5DB0067A58F /* Models */ = {
			isa = PBXGroup;
			children = (
				E0B2DA2B2A62B5F40067A58F /* CategoryModel.swift */,
				E0B2DA2E2A62B6120067A58F /* TodoModel.swift */,
			);
			path = Models;
			sourceTree = "<group>";
		};
/* End PBXGroup section */

/* Begin PBXNativeTarget section */
		E0B2DA122A62B49B0067A58F /* QTodo-Realm */ = {
			isa = PBXNativeTarget;
			buildConfigurationList = E0B2DA212A62B49D0067A58F /* Build configuration list for PBXNativeTarget "QTodo-Realm" */;
			buildPhases = (
				E0B2DA0F2A62B49B0067A58F /* Sources */,
				E0B2DA102A62B49B0067A58F /* Frameworks */,
				E0B2DA112A62B49B0067A58F /* Resources */,
			);
			buildRules = (
			);
			dependencies = (
			);
			name = "QTodo-Realm";
			packageProductDependencies = (
				E0B2DA262A62B5A80067A58F /* Realm */,
				E0B2DA282A62B5A80067A58F /* RealmSwift */,
			);
			productName = "QTodo-Realm";
			productReference = E0B2DA132A62B49B0067A58F /* QTodo-Realm.app */;
			productType = "com.apple.product-type.application";
		};
/* End PBXNativeTarget section */

/* Begin PBXProject section */
		E0B2DA0B2A62B49B0067A58F /* Project object */ = {
			isa = PBXProject;
			attributes = {
				BuildIndependentTargetsInParallel = 1;
				LastSwiftUpdateCheck = 1430;
				LastUpgradeCheck = 1430;
				TargetAttributes = {
					E0B2DA122A62B49B0067A58F = {
						CreatedOnToolsVersion = 14.3.1;
					};
				};
			};
			buildConfigurationList = E0B2DA0E2A62B49B0067A58F /* Build configuration list for PBXProject "QTodo-Realm" */;
			compatibilityVersion = "Xcode 14.0";
			developmentRegion = en;
			hasScannedForEncodings = 0;
			knownRegions = (
				en,
				Base,
			);
			mainGroup = E0B2DA0A2A62B49B0067A58F;
			packageReferences = (
				E0B2DA252A62B5A80067A58F /* XCRemoteSwiftPackageReference "realm-swift" */,
			);
			productRefGroup = E0B2DA142A62B49B0067A58F /* Products */;
			projectDirPath = "";
			projectRoot = "";
			targets = (
				E0B2DA122A62B49B0067A58F /* QTodo-Realm */,
			);
		};
/* End PBXProject section */

/* Begin PBXResourcesBuildPhase section */
		E0B2DA112A62B49B0067A58F /* Resources */ = {
			isa = PBXResourcesBuildPhase;
			buildActionMask = 2147483647;
			files = (
				E0B2DA1E2A62B49D0067A58F /* Preview Assets.xcassets in Resources */,
				E0B2DA1B2A62B49D0067A58F /* Assets.xcassets in Resources */,
			);
			runOnlyForDeploymentPostprocessing = 0;
		};
/* End PBXResourcesBuildPhase section */

/* Begin PBXSourcesBuildPhase section */
		E0B2DA0F2A62B49B0067A58F /* Sources */ = {
			isa = PBXSourcesBuildPhase;
			buildActionMask = 2147483647;
			files = (
				E03DE5452A62C2EA00A79835 /* AddCategoryView.swift in Sources */,
				E04981F12A64A4B20096C9B8 /* EmptyListView.swift in Sources */,
				E0B2DA192A62B49B0067A58F /* HomeScreen.swift in Sources */,
				E04981ED2A640B6C0096C9B8 /* AddTodoView.swift in Sources */,
				E0B2DA2F2A62B6120067A58F /* TodoModel.swift in Sources */,
				E02E76382A6560F70003585B /* ImportantTodosListView.swift in Sources */,
				E0B2DA2C2A62B5F40067A58F /* CategoryModel.swift in Sources */,
				E04981EB2A63624F0096C9B8 /* TodoListRowView.swift in Sources */,
				E0B2DA172A62B49B0067A58F /* QTodo_RealmApp.swift in Sources */,
				E03DE5432A62B91000A79835 /* CategoryViewModel.swift in Sources */,
				E03DE5402A62B8BB00A79835 /* CategoryView.swift in Sources */,
				E02E763A2A6700760003585B /* ImportantTodosViewModel.swift in Sources */,
				E03DE5472A62C6CE00A79835 /* CustomSheetView.swift in Sources */,
				E03DE5492A62C6F400A79835 /* CustomSheetViewModel.swift in Sources */,
				E04981EF2A643CB20096C9B8 /* TodoDetailScreen.swift in Sources */,
				E03DE54B2A63619000A79835 /* TodoListScreen.swift in Sources */,
			);
			runOnlyForDeploymentPostprocessing = 0;
		};
/* End PBXSourcesBuildPhase section */

/* Begin XCBuildConfiguration section */
		E0B2DA1F2A62B49D0067A58F /* Debug */ = {
			isa = XCBuildConfiguration;
			buildSettings = {
				ALWAYS_SEARCH_USER_PATHS = NO;
				CLANG_ANALYZER_NONNULL = YES;
				CLANG_ANALYZER_NUMBER_OBJECT_CONVERSION = YES_AGGRESSIVE;
				CLANG_CXX_LANGUAGE_STANDARD = "gnu++20";
				CLANG_ENABLE_MODULES = YES;
				CLANG_ENABLE_OBJC_ARC = YES;
				CLANG_ENABLE_OBJC_WEAK = YES;
				CLANG_WARN_BLOCK_CAPTURE_AUTORELEASING = YES;
				CLANG_WARN_BOOL_CONVERSION = YES;
				CLANG_WARN_COMMA = YES;
				CLANG_WARN_CONSTANT_CONVERSION = YES;
				CLANG_WARN_DEPRECATED_OBJC_IMPLEMENTATIONS = YES;
				CLANG_WARN_DIRECT_OBJC_ISA_USAGE = YES_ERROR;
				CLANG_WARN_DOCUMENTATION_COMMENTS = YES;
				CLANG_WARN_EMPTY_BODY = YES;
				CLANG_WARN_ENUM_CONVERSION = YES;
				CLANG_WARN_INFINITE_RECURSION = YES;
				CLANG_WARN_INT_CONVERSION = YES;
				CLANG_WARN_NON_LITERAL_NULL_CONVERSION = YES;
				CLANG_WARN_OBJC_IMPLICIT_RETAIN_SELF = YES;
				CLANG_WARN_OBJC_LITERAL_CONVERSION = YES;
				CLANG_WARN_OBJC_ROOT_CLASS = YES_ERROR;
				CLANG_WARN_QUOTED_INCLUDE_IN_FRAMEWORK_HEADER = YES;
				CLANG_WARN_RANGE_LOOP_ANALYSIS = YES;
				CLANG_WARN_STRICT_PROTOTYPES = YES;
				CLANG_WARN_SUSPICIOUS_MOVE = YES;
				CLANG_WARN_UNGUARDED_AVAILABILITY = YES_AGGRESSIVE;
				CLANG_WARN_UNREACHABLE_CODE = YES;
				CLANG_WARN__DUPLICATE_METHOD_MATCH = YES;
				COPY_PHASE_STRIP = NO;
				DEBUG_INFORMATION_FORMAT = dwarf;
				ENABLE_STRICT_OBJC_MSGSEND = YES;
				ENABLE_TESTABILITY = YES;
				GCC_C_LANGUAGE_STANDARD = gnu11;
				GCC_DYNAMIC_NO_PIC = NO;
				GCC_NO_COMMON_BLOCKS = YES;
				GCC_OPTIMIZATION_LEVEL = 0;
				GCC_PREPROCESSOR_DEFINITIONS = (
					"DEBUG=1",
					"$(inherited)",
				);
				GCC_WARN_64_TO_32_BIT_CONVERSION = YES;
				GCC_WARN_ABOUT_RETURN_TYPE = YES_ERROR;
				GCC_WARN_UNDECLARED_SELECTOR = YES;
				GCC_WARN_UNINITIALIZED_AUTOS = YES_AGGRESSIVE;
				GCC_WARN_UNUSED_FUNCTION = YES;
				GCC_WARN_UNUSED_VARIABLE = YES;
				IPHONEOS_DEPLOYMENT_TARGET = 16.4;
				MTL_ENABLE_DEBUG_INFO = INCLUDE_SOURCE;
				MTL_FAST_MATH = YES;
				ONLY_ACTIVE_ARCH = YES;
				SDKROOT = iphoneos;
				SWIFT_ACTIVE_COMPILATION_CONDITIONS = DEBUG;
				SWIFT_OPTIMIZATION_LEVEL = "-Onone";
			};
			name = Debug;
		};
		E0B2DA202A62B49D0067A58F /* Release */ = {
			isa = XCBuildConfiguration;
			buildSettings = {
				ALWAYS_SEARCH_USER_PATHS = NO;
				CLANG_ANALYZER_NONNULL = YES;
				CLANG_ANALYZER_NUMBER_OBJECT_CONVERSION = YES_AGGRESSIVE;
				CLANG_CXX_LANGUAGE_STANDARD = "gnu++20";
				CLANG_ENABLE_MODULES = YES;
				CLANG_ENABLE_OBJC_ARC = YES;
				CLANG_ENABLE_OBJC_WEAK = YES;
				CLANG_WARN_BLOCK_CAPTURE_AUTORELEASING = YES;
				CLANG_WARN_BOOL_CONVERSION = YES;
				CLANG_WARN_COMMA = YES;
				CLANG_WARN_CONSTANT_CONVERSION = YES;
				CLANG_WARN_DEPRECATED_OBJC_IMPLEMENTATIONS = YES;
				CLANG_WARN_DIRECT_OBJC_ISA_USAGE = YES_ERROR;
				CLANG_WARN_DOCUMENTATION_COMMENTS = YES;
				CLANG_WARN_EMPTY_BODY = YES;
				CLANG_WARN_ENUM_CONVERSION = YES;
				CLANG_WARN_INFINITE_RECURSION = YES;
				CLANG_WARN_INT_CONVERSION = YES;
				CLANG_WARN_NON_LITERAL_NULL_CONVERSION = YES;
				CLANG_WARN_OBJC_IMPLICIT_RETAIN_SELF = YES;
				CLANG_WARN_OBJC_LITERAL_CONVERSION = YES;
				CLANG_WARN_OBJC_ROOT_CLASS = YES_ERROR;
				CLANG_WARN_QUOTED_INCLUDE_IN_FRAMEWORK_HEADER = YES;
				CLANG_WARN_RANGE_LOOP_ANALYSIS = YES;
				CLANG_WARN_STRICT_PROTOTYPES = YES;
				CLANG_WARN_SUSPICIOUS_MOVE = YES;
				CLANG_WARN_UNGUARDED_AVAILABILITY = YES_AGGRESSIVE;
				CLANG_WARN_UNREACHABLE_CODE = YES;
				CLANG_WARN__DUPLICATE_METHOD_MATCH = YES;
				COPY_PHASE_STRIP = NO;
				DEBUG_INFORMATION_FORMAT = "dwarf-with-dsym";
				ENABLE_NS_ASSERTIONS = NO;
				ENABLE_STRICT_OBJC_MSGSEND = YES;
				GCC_C_LANGUAGE_STANDARD = gnu11;
				GCC_NO_COMMON_BLOCKS = YES;
				GCC_WARN_64_TO_32_BIT_CONVERSION = YES;
				GCC_WARN_ABOUT_RETURN_TYPE = YES_ERROR;
				GCC_WARN_UNDECLARED_SELECTOR = YES;
				GCC_WARN_UNINITIALIZED_AUTOS = YES_AGGRESSIVE;
				GCC_WARN_UNUSED_FUNCTION = YES;
				GCC_WARN_UNUSED_VARIABLE = YES;
				IPHONEOS_DEPLOYMENT_TARGET = 16.4;
				MTL_ENABLE_DEBUG_INFO = NO;
				MTL_FAST_MATH = YES;
				SDKROOT = iphoneos;
				SWIFT_COMPILATION_MODE = wholemodule;
				SWIFT_OPTIMIZATION_LEVEL = "-O";
				VALIDATE_PRODUCT = YES;
			};
			name = Release;
		};
		E0B2DA222A62B49D0067A58F /* Debug */ = {
			isa = XCBuildConfiguration;
			buildSettings = {
				ASSETCATALOG_COMPILER_APPICON_NAME = AppIcon;
				ASSETCATALOG_COMPILER_GLOBAL_ACCENT_COLOR_NAME = AccentColor;
				CODE_SIGN_STYLE = Automatic;
				CURRENT_PROJECT_VERSION = 1;
				DEVELOPMENT_ASSET_PATHS = "\"QTodo-Realm/Preview Content\"";
				DEVELOPMENT_TEAM = 27L38TGFQ8;
				ENABLE_PREVIEWS = YES;
				GENERATE_INFOPLIST_FILE = YES;
				INFOPLIST_KEY_UIApplicationSceneManifest_Generation = YES;
				INFOPLIST_KEY_UIApplicationSupportsIndirectInputEvents = YES;
				INFOPLIST_KEY_UILaunchScreen_Generation = YES;
				INFOPLIST_KEY_UISupportedInterfaceOrientations_iPad = "UIInterfaceOrientationPortrait UIInterfaceOrientationPortraitUpsideDown UIInterfaceOrientationLandscapeLeft UIInterfaceOrientationLandscapeRight";
				INFOPLIST_KEY_UISupportedInterfaceOrientations_iPhone = "UIInterfaceOrientationPortrait UIInterfaceOrientationLandscapeLeft UIInterfaceOrientationLandscapeRight";
				LD_RUNPATH_SEARCH_PATHS = (
					"$(inherited)",
					"@executable_path/Frameworks",
				);
				MARKETING_VERSION = 1.0;
				PRODUCT_BUNDLE_IDENTIFIER = "com.kubilay.QTodo-Realm";
				PRODUCT_NAME = "$(TARGET_NAME)";
				SWIFT_EMIT_LOC_STRINGS = YES;
				SWIFT_VERSION = 5.0;
				TARGETED_DEVICE_FAMILY = "1,2";
			};
			name = Debug;
		};
		E0B2DA232A62B49D0067A58F /* Release */ = {
			isa = XCBuildConfiguration;
			buildSettings = {
				ASSETCATALOG_COMPILER_APPICON_NAME = AppIcon;
				ASSETCATALOG_COMPILER_GLOBAL_ACCENT_COLOR_NAME = AccentColor;
				CODE_SIGN_STYLE = Automatic;
				CURRENT_PROJECT_VERSION = 1;
				DEVELOPMENT_ASSET_PATHS = "\"QTodo-Realm/Preview Content\"";
				DEVELOPMENT_TEAM = 27L38TGFQ8;
				ENABLE_PREVIEWS = YES;
				GENERATE_INFOPLIST_FILE = YES;
				INFOPLIST_KEY_UIApplicationSceneManifest_Generation = YES;
				INFOPLIST_KEY_UIApplicationSupportsIndirectInputEvents = YES;
				INFOPLIST_KEY_UILaunchScreen_Generation = YES;
				INFOPLIST_KEY_UISupportedInterfaceOrientations_iPad = "UIInterfaceOrientationPortrait UIInterfaceOrientationPortraitUpsideDown UIInterfaceOrientationLandscapeLeft UIInterfaceOrientationLandscapeRight";
				INFOPLIST_KEY_UISupportedInterfaceOrientations_iPhone = "UIInterfaceOrientationPortrait UIInterfaceOrientationLandscapeLeft UIInterfaceOrientationLandscapeRight";
				LD_RUNPATH_SEARCH_PATHS = (
					"$(inherited)",
					"@executable_path/Frameworks",
				);
				MARKETING_VERSION = 1.0;
				PRODUCT_BUNDLE_IDENTIFIER = "com.kubilay.QTodo-Realm";
				PRODUCT_NAME = "$(TARGET_NAME)";
				SWIFT_EMIT_LOC_STRINGS = YES;
				SWIFT_VERSION = 5.0;
				TARGETED_DEVICE_FAMILY = "1,2";
			};
			name = Release;
		};
/* End XCBuildConfiguration section */

/* Begin XCConfigurationList section */
		E0B2DA0E2A62B49B0067A58F /* Build configuration list for PBXProject "QTodo-Realm" */ = {
			isa = XCConfigurationList;
			buildConfigurations = (
				E0B2DA1F2A62B49D0067A58F /* Debug */,
				E0B2DA202A62B49D0067A58F /* Release */,
			);
			defaultConfigurationIsVisible = 0;
			defaultConfigurationName = Release;
		};
		E0B2DA212A62B49D0067A58F /* Build configuration list for PBXNativeTarget "QTodo-Realm" */ = {
			isa = XCConfigurationList;
			buildConfigurations = (
				E0B2DA222A62B49D0067A58F /* Debug */,
				E0B2DA232A62B49D0067A58F /* Release */,
			);
			defaultConfigurationIsVisible = 0;
			defaultConfigurationName = Release;
		};
/* End XCConfigurationList section */

/* Begin XCRemoteSwiftPackageReference section */
		E0B2DA252A62B5A80067A58F /* XCRemoteSwiftPackageReference "realm-swift" */ = {
			isa = XCRemoteSwiftPackageReference;
			repositoryURL = "https://github.com/realm/realm-swift.git";
			requirement = {
				branch = master;
				kind = branch;
			};
		};
/* End XCRemoteSwiftPackageReference section */

/* Begin XCSwiftPackageProductDependency section */
		E0B2DA262A62B5A80067A58F /* Realm */ = {
			isa = XCSwiftPackageProductDependency;
			package = E0B2DA252A62B5A80067A58F /* XCRemoteSwiftPackageReference "realm-swift" */;
			productName = Realm;
		};
		E0B2DA282A62B5A80067A58F /* RealmSwift */ = {
			isa = XCSwiftPackageProductDependency;
			package = E0B2DA252A62B5A80067A58F /* XCRemoteSwiftPackageReference "realm-swift" */;
			productName = RealmSwift;
		};
/* End XCSwiftPackageProductDependency section */
	};
	rootObject = E0B2DA0B2A62B49B0067A58F /* Project object */;
}
